
Microsoft Visual Studio Solution File, Format Version 12.00
# Visual Studio Version 17
VisualStudioVersion = 17.13.35919.96 d17.13
MinimumVisualStudioVersion = 10.0.40219.1
Project("{FAE04EC0-301F-11D3-BF4B-00C04F79EFBC}") = "ProtoHSM", "ProtoHSM\ProtoHSM.csproj", "{40879CE2-9320-48DE-9CC3-50F7416B1884}"
EndProject
Global
	GlobalSection(SolutionConfigurationPlatforms) = preSolution
		Debug|Any CPU = Debug|Any CPU
		Release|Any CPU = Release|Any CPU
	EndGlobalSection
	GlobalSection(ProjectConfigurationPlatforms) = postSolution
		{40879CE2-9320-48DE-9CC3-50F7416B1884}.Debug|Any CPU.ActiveCfg = Debug|Any CPU
		{40879CE2-9320-48DE-9CC3-50F7416B1884}.Debug|Any CPU.Build.0 = Debug|Any CPU
		{40879CE2-9320-48DE-9CC3-50F7416B1884}.Release|Any CPU.ActiveCfg = Release|Any CPU
		{40879CE2-9320-48DE-9CC3-50F7416B1884}.Release|Any CPU.Build.0 = Release|Any CPU
	EndGlobalSection
	GlobalSection(SolutionProperties) = preSolution
		HideSolutionNode = FALSE
	EndGlobalSection
	GlobalSection(ExtensibilityGlobals) = postSolution
		SolutionGuid = {548F9CD1-B519-45D2-92AD-0FA6D50F8A8D}
	EndGlobalSection
EndGlobal
